
Microsoft Visual Studio Solution File, Format Version 12.00
# Visual Studio Version 17
VisualStudioVersion = 17.6.33815.320
MinimumVisualStudioVersion = 10.0.40219.1
Project("{FAE04EC0-301F-11D3-BF4B-00C04F79EFBC}") = "AutoRecipe", "AutoRecipe.csproj", "{6FB4FCB6-DE60-403F-B98F-9A2826F5435F}"
EndProject
Global
	GlobalSection(SolutionConfigurationPlatforms) = preSolution
		Debug|Any CPU = Debug|Any CPU
		Release|Any CPU = Release|Any CPU
	EndGlobalSection
	GlobalSection(ProjectConfigurationPlatforms) = postSolution
		{6FB4FCB6-DE60-403F-B98F-9A2826F5435F}.Debug|Any CPU.ActiveCfg = Debug|Any CPU
		{6FB4FCB6-DE60-403F-B98F-9A2826F5435F}.Debug|Any CPU.Build.0 = Debug|Any CPU
		{6FB4FCB6-DE60-403F-B98F-9A2826F5435F}.Release|Any CPU.ActiveCfg = Release|Any CPU
		{6FB4FCB6-DE60-403F-B98F-9A2826F5435F}.Release|Any CPU.Build.0 = Release|Any CPU
	EndGlobalSection
	GlobalSection(SolutionProperties) = preSolution
		HideSolutionNode = FALSE
	EndGlobalSection
	GlobalSection(ExtensibilityGlobals) = postSolution
		SolutionGuid = {34DD5AF3-9ABD-4AFC-9253-B30CCBE4B8AC}
	EndGlobalSection
EndGlobal
